[[package]]
name = "absl-py"
version = "0.13.0"
description = "Abseil Python Common Libraries, see https://github.com/abseil/abseil-py."
category = "main"
optional = false
python-versions = "*"

[package.dependencies]
six = "*"

[[package]]
name = "astor"
version = "0.8.1"
description = "Read/rewrite/write Python ASTs"
category = "main"
optional = false
python-versions = "!=3.0.*,!=3.1.*,!=3.2.*,!=3.3.*,>=2.7"

[[package]]
name = "cached-property"
version = "1.5.2"
description = "A decorator for caching properties in classes."
category = "main"
optional = false
python-versions = "*"

[[package]]
name = "certifi"
version = "2021.5.30"
description = "Python package for providing Mozilla's CA Bundle."
category = "main"
optional = false
python-versions = "*"

[[package]]
name = "charset-normalizer"
version = "2.0.4"
description = "The Real First Universal Charset Detector. Open, modern and actively maintained alternative to Chardet."
category = "main"
optional = false
python-versions = ">=3.5.0"

[package.extras]
unicode_backport = ["unicodedata2"]

[[package]]
name = "colorama"
version = "0.4.4"
description = "Cross-platform colored terminal text."
category = "main"
optional = false
python-versions = ">=2.7, !=3.0.*, !=3.1.*, !=3.2.*, !=3.3.*, !=3.4.*"

[[package]]
name = "dataclasses"
version = "0.8"
description = "A backport of the dataclasses module for Python 3.6"
category = "main"
optional = false
python-versions = ">=3.6, <3.7"

[[package]]
name = "dill"
version = "0.3.4"
description = "serialize all of python"
category = "main"
optional = false
python-versions = ">=2.7, !=3.0.*"

[package.extras]
graph = ["objgraph (>=1.7.2)"]

[[package]]
name = "gast"
version = "0.2.2"
description = "Python AST that abstracts the underlying Python version"
category = "main"
optional = false
python-versions = ">=2.7, !=3.0.*, !=3.1.*, !=3.2.*, !=3.3.*"

[[package]]
name = "google-pasta"
version = "0.2.0"
description = "pasta is an AST-based Python refactoring library"
category = "main"
optional = false
python-versions = "*"

[package.dependencies]
six = "*"

[[package]]
name = "gpt-2-simple"
version = "0.7.2"
description = "Python package to easily retrain OpenAI's GPT-2 text-generating model on new texts."
category = "main"
optional = false
python-versions = ">=3.6"

[package.dependencies]
numpy = "*"
regex = "*"
requests = "*"
toposort = "*"
tqdm = "*"

[[package]]
name = "grpcio"
version = "1.39.0"
description = "HTTP/2-based RPC framework"
category = "main"
optional = false
python-versions = "*"

[package.dependencies]
six = ">=1.5.2"

[package.extras]
protobuf = ["grpcio-tools (>=1.39.0)"]

[[package]]
name = "h5py"
version = "3.1.0"
description = "Read and write HDF5 files from Python"
category = "main"
optional = false
python-versions = ">=3.6"

[package.dependencies]
cached-property = {version = "*", markers = "python_version < \"3.8\""}
numpy = [
    {version = ">=1.12", markers = "python_version == \"3.6\""},
    {version = ">=1.14.5", markers = "python_version == \"3.7\""},
    {version = ">=1.17.5", markers = "python_version == \"3.8\""},
    {version = ">=1.19.3", markers = "python_version >= \"3.9\""},
]

[[package]]
name = "idna"
version = "3.2"
description = "Internationalized Domain Names in Applications (IDNA)"
category = "main"
optional = false
python-versions = ">=3.5"

[[package]]
name = "importlib-metadata"
version = "4.8.1"
description = "Read metadata from Python packages"
category = "main"
optional = false
python-versions = ">=3.6"

[package.dependencies]
typing-extensions = {version = ">=3.6.4", markers = "python_version < \"3.8\""}
zipp = ">=0.5"

[package.extras]
docs = ["sphinx", "jaraco.packaging (>=8.2)", "rst.linker (>=1.9)"]
perf = ["ipython"]
testing = ["pytest (>=4.6)", "pytest-checkdocs (>=2.4)", "pytest-flake8", "pytest-cov", "pytest-enabler (>=1.0.1)", "packaging", "pep517", "pyfakefs", "flufl.flake8", "pytest-perf (>=0.9.2)", "pytest-black (>=0.3.7)", "pytest-mypy", "importlib-resources (>=1.3)"]

[[package]]
name = "keras-applications"
version = "1.0.8"
description = "Reference implementations of popular deep learning models"
category = "main"
optional = false
python-versions = "*"

[package.dependencies]
h5py = "*"
numpy = ">=1.9.1"

[package.extras]
tests = ["pytest", "pytest-pep8", "pytest-xdist", "pytest-cov"]

[[package]]
name = "keras-preprocessing"
version = "1.1.2"
description = "Easy data preprocessing and data augmentation for deep learning models"
category = "main"
optional = false
python-versions = "*"

[package.dependencies]
numpy = ">=1.9.1"
six = ">=1.9.0"

[package.extras]
image = ["scipy (>=0.14)", "Pillow (>=5.2.0)"]
pep8 = ["flake8"]
tests = ["pandas", "pillow", "tensorflow", "keras", "pytest", "pytest-xdist", "pytest-cov"]

[[package]]
name = "markdown"
version = "3.3.4"
description = "Python implementation of Markdown."
category = "main"
optional = false
python-versions = ">=3.6"

[package.dependencies]
importlib-metadata = {version = "*", markers = "python_version < \"3.8\""}

[package.extras]
testing = ["coverage", "pyyaml"]

[[package]]
name = "multiprocess"
version = "0.70.12.2"
description = "better multiprocessing and multithreading in python"
category = "main"
optional = false
python-versions = "*"

[package.dependencies]
dill = ">=0.3.4"

[[package]]
name = "numpy"
version = "1.19.5"
description = "NumPy is the fundamental package for array computing with Python."
category = "main"
optional = false
python-versions = ">=3.6"

[[package]]
name = "opt-einsum"
version = "3.3.0"
description = "Optimizing numpys einsum function"
category = "main"
optional = false
python-versions = ">=3.5"

[package.dependencies]
numpy = ">=1.7"

[package.extras]
docs = ["sphinx (==1.2.3)", "sphinxcontrib-napoleon", "sphinx-rtd-theme", "numpydoc"]
tests = ["pytest", "pytest-cov", "pytest-pep8"]

[[package]]
name = "protobuf"
version = "3.17.3"
description = "Protocol Buffers"
category = "main"
optional = false
python-versions = "*"

[package.dependencies]
six = ">=1.9"

[[package]]
name = "regex"
version = "2021.8.28"
description = "Alternative regular expression module, to replace re."
category = "main"
optional = false
python-versions = "*"

[[package]]
name = "requests"
version = "2.26.0"
description = "Python HTTP for Humans."
category = "main"
optional = false
python-versions = ">=2.7, !=3.0.*, !=3.1.*, !=3.2.*, !=3.3.*, !=3.4.*, !=3.5.*"

[package.dependencies]
certifi = ">=2017.4.17"
charset-normalizer = {version = ">=2.0.0,<2.1.0", markers = "python_version >= \"3\""}
idna = {version = ">=2.5,<4", markers = "python_version >= \"3\""}
urllib3 = ">=1.21.1,<1.27"

[package.extras]
socks = ["PySocks (>=1.5.6,!=1.5.7)", "win-inet-pton"]
use_chardet_on_py3 = ["chardet (>=3.0.2,<5)"]

[[package]]
name = "six"
version = "1.16.0"
description = "Python 2 and 3 compatibility utilities"
category = "main"
optional = false
python-versions = ">=2.7, !=3.0.*, !=3.1.*, !=3.2.*"

[[package]]
name = "tensorboard"
version = "1.15.0"
description = "TensorBoard lets you watch Tensors Flow"
category = "main"
optional = false
python-versions = ">= 2.7, != 3.0.*, != 3.1.*"

[package.dependencies]
absl-py = ">=0.4"
grpcio = ">=1.6.3"
markdown = ">=2.6.8"
numpy = ">=1.12.0"
protobuf = ">=3.6.0"
six = ">=1.10.0"
werkzeug = ">=0.11.15"

[[package]]
name = "tensorflow"
version = "1.15.2"
description = "TensorFlow is an open source machine learning framework for everyone."
category = "main"
optional = false
python-versions = "*"

[package.dependencies]
absl-py = ">=0.7.0"
astor = ">=0.6.0"
gast = "0.2.2"
google-pasta = ">=0.1.6"
grpcio = ">=1.8.6"
keras-applications = ">=1.0.8"
keras-preprocessing = ">=1.0.5"
numpy = ">=1.16.0,<2.0"
opt-einsum = ">=2.3.2"
protobuf = ">=3.6.1"
six = ">=1.10.0"
tensorboard = ">=1.15.0,<1.16.0"
tensorflow-estimator = "1.15.1"
termcolor = ">=1.1.0"
wrapt = ">=1.11.1"

[[package]]
name = "tensorflow-estimator"
version = "1.15.1"
description = "TensorFlow Estimator."
category = "main"
optional = false
python-versions = "*"

[[package]]
name = "termcolor"
version = "1.1.0"
description = "ANSII Color formatting for output in terminal."
category = "main"
optional = false
python-versions = "*"

[[package]]
name = "toposort"
version = "1.6"
description = "Implements a topological sort algorithm."
category = "main"
optional = false
python-versions = "*"

[[package]]
name = "tqdm"
version = "4.62.2"
description = "Fast, Extensible Progress Meter"
category = "main"
optional = false
python-versions = "!=3.0.*,!=3.1.*,!=3.2.*,!=3.3.*,>=2.7"

[package.dependencies]
colorama = {version = "*", markers = "platform_system == \"Windows\""}

[package.extras]
dev = ["py-make (>=0.1.0)", "twine", "wheel"]
notebook = ["ipywidgets (>=6)"]
telegram = ["requests"]

[[package]]
name = "typing-extensions"
version = "3.10.0.2"
description = "Backported and Experimental Type Hints for Python 3.5+"
category = "main"
optional = false
python-versions = "*"

[[package]]
name = "urllib3"
version = "1.26.6"
description = "HTTP library with thread-safe connection pooling, file post, and more."
category = "main"
optional = false
python-versions = ">=2.7, !=3.0.*, !=3.1.*, !=3.2.*, !=3.3.*, !=3.4.*, <4"

[package.extras]
brotli = ["brotlipy (>=0.6.0)"]
secure = ["pyOpenSSL (>=0.14)", "cryptography (>=1.3.4)", "idna (>=2.0.0)", "certifi", "ipaddress"]
socks = ["PySocks (>=1.5.6,!=1.5.7,<2.0)"]

[[package]]
name = "werkzeug"
version = "2.0.1"
description = "The comprehensive WSGI web application library."
category = "main"
optional = false
python-versions = ">=3.6"

[package.dependencies]
dataclasses = {version = "*", markers = "python_version < \"3.7\""}

[package.extras]
watchdog = ["watchdog"]

[[package]]
name = "wrapt"
version = "1.12.1"
description = "Module for decorators, wrappers and monkey patching."
category = "main"
optional = false
python-versions = "*"

[[package]]
name = "yapf"
version = "0.31.0"
description = "A formatter for Python code."
category = "dev"
optional = false
python-versions = "*"

[[package]]
name = "zipp"
version = "3.5.0"
description = "Backport of pathlib-compatible object wrapper for zip files"
category = "main"
optional = false
python-versions = ">=3.6"

[package.extras]
docs = ["sphinx", "jaraco.packaging (>=8.2)", "rst.linker (>=1.9)"]
testing = ["pytest (>=4.6)", "pytest-checkdocs (>=2.4)", "pytest-flake8", "pytest-cov", "pytest-enabler (>=1.0.1)", "jaraco.itertools", "func-timeout", "pytest-black (>=0.3.7)", "pytest-mypy"]

[metadata]
lock-version = "1.1"
python-versions = "^3.6"
content-hash = "8b5e9f97d3739b4db2180e2d8574054ec4d11a513499de2576a9da809500ea7a"

[metadata.files]
absl-py = [
    {file = "absl-py-0.13.0.tar.gz", hash = "sha256:6953272383486044699fd0e9f00aad167a27e08ce19aae66c6c4b10e7e767793"},
    {file = "absl_py-0.13.0-py3-none-any.whl", hash = "sha256:62bd4e248ddb19d81aec8f9446b407ff37c8175c2ba88266a7afa9b4ce4a333b"},
]
astor = [
    {file = "astor-0.8.1-py2.py3-none-any.whl", hash = "sha256:070a54e890cefb5b3739d19f30f5a5ec840ffc9c50ffa7d23cc9fc1a38ebbfc5"},
    {file = "astor-0.8.1.tar.gz", hash = "sha256:6a6effda93f4e1ce9f618779b2dd1d9d84f1e32812c23a29b3fff6fd7f63fa5e"},
]
cached-property = [
    {file = "cached-property-1.5.2.tar.gz", hash = "sha256:9fa5755838eecbb2d234c3aa390bd80fbd3ac6b6869109bfc1b499f7bd89a130"},
    {file = "cached_property-1.5.2-py2.py3-none-any.whl", hash = "sha256:df4f613cf7ad9a588cc381aaf4a512d26265ecebd5eb9e1ba12f1319eb85a6a0"},
]
certifi = [
    {file = "certifi-2021.5.30-py2.py3-none-any.whl", hash = "sha256:50b1e4f8446b06f41be7dd6338db18e0990601dce795c2b1686458aa7e8fa7d8"},
    {file = "certifi-2021.5.30.tar.gz", hash = "sha256:2bbf76fd432960138b3ef6dda3dde0544f27cbf8546c458e60baf371917ba9ee"},
]
charset-normalizer = [
    {file = "charset-normalizer-2.0.4.tar.gz", hash = "sha256:f23667ebe1084be45f6ae0538e4a5a865206544097e4e8bbcacf42cd02a348f3"},
    {file = "charset_normalizer-2.0.4-py3-none-any.whl", hash = "sha256:0c8911edd15d19223366a194a513099a302055a962bca2cec0f54b8b63175d8b"},
]
colorama = [
    {file = "colorama-0.4.4-py2.py3-none-any.whl", hash = "sha256:9f47eda37229f68eee03b24b9748937c7dc3868f906e8ba69fbcbdd3bc5dc3e2"},
    {file = "colorama-0.4.4.tar.gz", hash = "sha256:5941b2b48a20143d2267e95b1c2a7603ce057ee39fd88e7329b0c292aa16869b"},
]
dataclasses = [
    {file = "dataclasses-0.8-py3-none-any.whl", hash = "sha256:0201d89fa866f68c8ebd9d08ee6ff50c0b255f8ec63a71c16fda7af82bb887bf"},
    {file = "dataclasses-0.8.tar.gz", hash = "sha256:8479067f342acf957dc82ec415d355ab5edb7e7646b90dc6e2fd1d96ad084c97"},
]
dill = [
    {file = "dill-0.3.4-py2.py3-none-any.whl", hash = "sha256:7e40e4a70304fd9ceab3535d36e58791d9c4a776b38ec7f7ec9afc8d3dca4d4f"},
    {file = "dill-0.3.4.zip", hash = "sha256:9f9734205146b2b353ab3fec9af0070237b6ddae78452af83d2fca84d739e675"},
]
gast = [
    {file = "gast-0.2.2.tar.gz", hash = "sha256:fe939df4583692f0512161ec1c880e0a10e71e6a232da045ab8edd3756fbadf0"},
]
google-pasta = [
    {file = "google-pasta-0.2.0.tar.gz", hash = "sha256:c9f2c8dfc8f96d0d5808299920721be30c9eec37f2389f28904f454565c8a16e"},
    {file = "google_pasta-0.2.0-py2-none-any.whl", hash = "sha256:4612951da876b1a10fe3960d7226f0c7682cf901e16ac06e473b267a5afa8954"},
    {file = "google_pasta-0.2.0-py3-none-any.whl", hash = "sha256:b32482794a366b5366a32c92a9a9201b107821889935a02b3e51f6b432ea84ed"},
]
gpt-2-simple = [
    {file = "gpt_2_simple-0.7.2.tar.gz", hash = "sha256:2c891b50a130f3ea3b6b4f3090507a9d3b443f640067bcd99c762ff7ba522735"},
]
grpcio = [
    {file = "grpcio-1.39.0-cp27-cp27m-macosx_10_10_x86_64.whl", hash = "sha256:4163e022f365406be2da78db890035463371effea172300ce5af8a768142baf3"},
    {file = "grpcio-1.39.0-cp27-cp27m-manylinux2010_i686.whl", hash = "sha256:02e8a8b41db8e13df53078355b439363e4ac46d0ac9a8a461a39e42829e2bcf8"},
    {file = "grpcio-1.39.0-cp27-cp27m-manylinux2010_x86_64.whl", hash = "sha256:050901a5baa6c4ca445e1781ef4c32d864f965ccec70c46cd5ad92d15e282c6a"},
    {file = "grpcio-1.39.0-cp27-cp27m-win32.whl", hash = "sha256:1ab44dde4e1b225d3fc873535ca6e642444433131dd2891a601b75fb46c87c11"},
    {file = "grpcio-1.39.0-cp27-cp27m-win_amd64.whl", hash = "sha256:25731b2c20a4ed51bea7e3952d5e83d408a5df32d03c7553457b2e6eb8bcb16c"},
    {file = "grpcio-1.39.0-cp27-cp27mu-manylinux2010_i686.whl", hash = "sha256:a2733994b05ee5382da1d0378f6312b72c5cb202930c7fa20c794a24e96a1a34"},
    {file = "grpcio-1.39.0-cp27-cp27mu-manylinux2010_x86_64.whl", hash = "sha256:4039645b8b5d19064766f3a6fa535f1db52a61c4d4de97a6a8945331a354d527"},
    {file = "grpcio-1.39.0-cp35-cp35m-macosx_10_10_intel.whl", hash = "sha256:7b95b3329446408e2fe6db9b310d263303fa1a94649d08ec1e1cc12506743d26"},
    {file = "grpcio-1.39.0-cp35-cp35m-manylinux2010_i686.whl", hash = "sha256:2a4308875b9b986000513c6b04c2e7424f436a127f15547036c42d3cf8289374"},
    {file = "grpcio-1.39.0-cp35-cp35m-manylinux2010_x86_64.whl", hash = "sha256:4b3fcc1878a1a5b71e1ecdfe82c74f7cd9eadaa43e25be0d67676dcec0c9d39f"},
    {file = "grpcio-1.39.0-cp35-cp35m-manylinux2014_i686.whl", hash = "sha256:6d51be522b573cec14798d4742efaa69d234bedabce122fec2d5489abb3724d4"},
    {file = "grpcio-1.39.0-cp35-cp35m-manylinux2014_x86_64.whl", hash = "sha256:43c57987e526d1b893b85099424387b22de6e3eee4ea7188443de8d657d11cc0"},
    {file = "grpcio-1.39.0-cp35-cp35m-win32.whl", hash = "sha256:cd2e39a199bcbefb3f4b9fa6677c72b0e67332915550fed3bd7c28b454bf917d"},
    {file = "grpcio-1.39.0-cp35-cp35m-win_amd64.whl", hash = "sha256:5628e7cc69079159f9465388ff21fde1e1a780139f76dd99d319119d45156f45"},
    {file = "grpcio-1.39.0-cp36-cp36m-linux_armv7l.whl", hash = "sha256:3c14e2087f809973d5ee8ca64f772a089ead0167286f3f21fdda8b6029b50abb"},
    {file = "grpcio-1.39.0-cp36-cp36m-macosx_10_10_x86_64.whl", hash = "sha256:d5a105f5a595b89a0e394e5b147430b115333d07c55efb0c0eddc96055f0d951"},
    {file = "grpcio-1.39.0-cp36-cp36m-manylinux2010_i686.whl", hash = "sha256:366b6b35b3719c5570588e21d866460c5666ae74e3509c2a5a73ca79997abdaf"},
    {file = "grpcio-1.39.0-cp36-cp36m-manylinux2010_x86_64.whl", hash = "sha256:544e1c1a133b43893e03e828c8325be5b82e20d3b0ef0ee3942d32553052a1b5"},
    {file = "grpcio-1.39.0-cp36-cp36m-manylinux2014_i686.whl", hash = "sha256:a659f7c634cacfcf14657687a9fa3265b0a1844b1c19d140f3b66aebfba1a66b"},
    {file = "grpcio-1.39.0-cp36-cp36m-manylinux2014_x86_64.whl", hash = "sha256:b0ff14dd872030e6b2fce8a6811642bd30d93833f794d3782c7e9eb2f01234cc"},
    {file = "grpcio-1.39.0-cp36-cp36m-manylinux_2_24_aarch64.whl", hash = "sha256:2a958ad794292e12d8738a06754ebaf71662e635a89098916c18715b27ca2b5b"},
    {file = "grpcio-1.39.0-cp36-cp36m-win32.whl", hash = "sha256:ed845ba6253c4032d5a01b7fb9db8fe80299e9a437e695a698751b0b191174be"},
    {file = "grpcio-1.39.0-cp36-cp36m-win_amd64.whl", hash = "sha256:b236eb4b50d83754184b248b8b1041bb1546287fff7618c4b7001b9f257bb903"},
    {file = "grpcio-1.39.0-cp37-cp37m-linux_armv7l.whl", hash = "sha256:27e2c6213fc04e71a862bacccb51f3c8e722255933f01736ace183e92d860ee6"},
    {file = "grpcio-1.39.0-cp37-cp37m-macosx_10_10_x86_64.whl", hash = "sha256:5127f4ba1f52fda28037ae465cf4b0e5fabe89d5ac1d64d15b073b46b7db5e16"},
    {file = "grpcio-1.39.0-cp37-cp37m-manylinux2010_i686.whl", hash = "sha256:a6211150765cc2343e69879dfb856718b0f7477a4618b5f9a8f6c3ee84c047c0"},
    {file = "grpcio-1.39.0-cp37-cp37m-manylinux2010_x86_64.whl", hash = "sha256:691f5b3a75f072dfb7b093f46303f493b885b7a42f25a831868ffaa22ee85f9d"},
    {file = "grpcio-1.39.0-cp37-cp37m-manylinux2014_i686.whl", hash = "sha256:c8fe430add656b92419f6cd0680b64fbe6347c831d89a7788324f5037dfb3359"},
    {file = "grpcio-1.39.0-cp37-cp37m-manylinux2014_x86_64.whl", hash = "sha256:3cccf470fcaab65a1b0a826ff34bd7c0861eb82ed957a83c6647a983459e4ecd"},
    {file = "grpcio-1.39.0-cp37-cp37m-manylinux_2_24_aarch64.whl", hash = "sha256:2bc7eebb405aac2d7eecfaa881fd73b489f99c01470d7193b4431a6ce199b9c3"},
    {file = "grpcio-1.39.0-cp37-cp37m-win32.whl", hash = "sha256:52100d800390d58492ed1093de6faccd957de6fc29b1a0e5948c84f275d9228f"},
    {file = "grpcio-1.39.0-cp37-cp37m-win_amd64.whl", hash = "sha256:20f57c5d09a36e0d0c8fe16ee1905f4307edb1d04f6034b56320f7fbc1a1071a"},
    {file = "grpcio-1.39.0-cp38-cp38-linux_armv7l.whl", hash = "sha256:6ba6ad60009da2258cf15a72c51b7e0c2f58c8da517e97550881e488839e56c6"},
    {file = "grpcio-1.39.0-cp38-cp38-macosx_10_10_x86_64.whl", hash = "sha256:a1fb9936b86b5efdea417fe159934bcad82a6f8c6ab7d1beec4bf3a78324d975"},
    {file = "grpcio-1.39.0-cp38-cp38-manylinux2010_i686.whl", hash = "sha256:46cfb0f2b757673bfd36ab4b0e3d61988cc1a0d47e0597e91462dcbef7528f35"},
    {file = "grpcio-1.39.0-cp38-cp38-manylinux2010_x86_64.whl", hash = "sha256:f2621c82fbbff1496993aa5fbf60e235583c7f970506e818671ad52000b6f310"},
    {file = "grpcio-1.39.0-cp38-cp38-manylinux2014_i686.whl", hash = "sha256:e98aca5cfe05ca29950b3d99006b9ddb54fde6451cd12cb2db1443ae3b9fa076"},
    {file = "grpcio-1.39.0-cp38-cp38-manylinux2014_x86_64.whl", hash = "sha256:8ed1e52ad507a54d20e6aaedf4b3edcab18cc12031eafe6de898f97513d8997b"},
    {file = "grpcio-1.39.0-cp38-cp38-manylinux_2_24_aarch64.whl", hash = "sha256:3c57fa7fec932767bc553bfb956759f45026890255bd232b2f797c3bc4dfeba2"},
    {file = "grpcio-1.39.0-cp38-cp38-win32.whl", hash = "sha256:88dbef504b491b96e3238a6d5360b04508c34c62286080060c85fddd3caf7137"},
    {file = "grpcio-1.39.0-cp38-cp38-win_amd64.whl", hash = "sha256:cffdccc94e63710dd6ead01849443390632c8e0fec52dc26e4fddf9f28ac9280"},
    {file = "grpcio-1.39.0-cp39-cp39-linux_armv7l.whl", hash = "sha256:43e0f5c49f985c94332794aa6c4f15f3a1ced336f0c6a6c8946c67b5ab111ae9"},
    {file = "grpcio-1.39.0-cp39-cp39-macosx_10_10_x86_64.whl", hash = "sha256:dc3a24022a90c1754e54315009da6f949b48862c1d06daa54f9a28f89a5efacb"},
    {file = "grpcio-1.39.0-cp39-cp39-manylinux2010_i686.whl", hash = "sha256:476fa94ba8efb09213baabd757f6f93e839794d8ae0eaa371347d6899e8f57a0"},
    {file = "grpcio-1.39.0-cp39-cp39-manylinux2010_x86_64.whl", hash = "sha256:46d510a7af777d2f38ef4c1d25491add37cad24143012f3eebe72dc5c6d0fc4c"},
    {file = "grpcio-1.39.0-cp39-cp39-manylinux2014_i686.whl", hash = "sha256:5091b4a5ee8454a8f0c8ac45946ca25d6142c3be4b1fba141f1d62a6e0b5c696"},
    {file = "grpcio-1.39.0-cp39-cp39-manylinux2014_x86_64.whl", hash = "sha256:de83a045005703e7b9e67b61c38bb72cd49f68d9d2780d2c675353a3a3f2816f"},
    {file = "grpcio-1.39.0-cp39-cp39-manylinux_2_24_aarch64.whl", hash = "sha256:4258b778ce09ffa3b7c9a26971c216a34369e786771afbf4f98afe223f27d248"},
    {file = "grpcio-1.39.0-cp39-cp39-win32.whl", hash = "sha256:c44958a24559f875d902d5c1acb0ae43faa5a84f6120d1d0d800acb52f96516e"},
    {file = "grpcio-1.39.0-cp39-cp39-win_amd64.whl", hash = "sha256:2068a2b896ac67103c4a5453d5435fafcbb1a2f41eaf25148d08780096935cee"},
    {file = "grpcio-1.39.0.tar.gz", hash = "sha256:57974361a459d6fe04c9ae0af1845974606612249f467bbd2062d963cb90f407"},
]
h5py = [
    {file = "h5py-3.1.0-cp36-cp36m-macosx_10_9_x86_64.whl", hash = "sha256:1cd367f89a5441236bdbb795e9fb9a9e3424929c00b4a54254ca760437f83d69"},
    {file = "h5py-3.1.0-cp36-cp36m-manylinux1_x86_64.whl", hash = "sha256:fea05349f63625a8fb808e57e42bb4c76930cf5d50ac58b678c52f913a48a89b"},
    {file = "h5py-3.1.0-cp36-cp36m-win_amd64.whl", hash = "sha256:2e37352ddfcf9d77a2a47f7c8f7e125c6d20cc06c2995edeb7be222d4e152636"},
    {file = "h5py-3.1.0-cp37-cp37m-macosx_10_9_x86_64.whl", hash = "sha256:e33f61d3eb862614c0f273a1f993a64dc2f093e1a3094932c50ada9d2db2170f"},
    {file = "h5py-3.1.0-cp37-cp37m-manylinux1_x86_64.whl", hash = "sha256:236ac8d943be30b617ab615c3d4a4bf4a438add2be87e54af3687ab721a18fac"},
    {file = "h5py-3.1.0-cp37-cp37m-win_amd64.whl", hash = "sha256:02c391fdb980762a1cc03a4bcaecd03dc463994a9a63a02264830114a96e111f"},
    {file = "h5py-3.1.0-cp38-cp38-macosx_10_9_x86_64.whl", hash = "sha256:f89a3dae38843ffa49d17a31a3509a8129e9b46ece602a0138e1ed79e685c361"},
    {file = "h5py-3.1.0-cp38-cp38-manylinux1_x86_64.whl", hash = "sha256:ba71f6229d2013fbb606476ecc29c6223fc16b244d35fcd8566ad9dbaf910857"},
    {file = "h5py-3.1.0-cp38-cp38-win_amd64.whl", hash = "sha256:dccb89358bc84abcd711363c3e138f9f4eccfdf866f2139a8e72308328765b2c"},
    {file = "h5py-3.1.0-cp39-cp39-macosx_10_9_x86_64.whl", hash = "sha256:cb74df83709d6d03d11e60b9480812f58da34f194beafa8c8314dbbeeedfe0a6"},
    {file = "h5py-3.1.0-cp39-cp39-manylinux1_x86_64.whl", hash = "sha256:80c623be10479e81b64fa713b7ed4c0bbe9f02e8e7d2a2e5382336087b615ce4"},
    {file = "h5py-3.1.0-cp39-cp39-win_amd64.whl", hash = "sha256:1cdfd1c5449ca1329d152f0b66830e93226ebce4f5e07dd8dc16bfc2b1a49d7b"},
    {file = "h5py-3.1.0.tar.gz", hash = "sha256:1e2516f190652beedcb8c7acfa1c6fa92d99b42331cbef5e5c7ec2d65b0fc3c2"},
]
idna = [
    {file = "idna-3.2-py3-none-any.whl", hash = "sha256:14475042e284991034cb48e06f6851428fb14c4dc953acd9be9a5e95c7b6dd7a"},
    {file = "idna-3.2.tar.gz", hash = "sha256:467fbad99067910785144ce333826c71fb0e63a425657295239737f7ecd125f3"},
]
importlib-metadata = [
    {file = "importlib_metadata-4.8.1-py3-none-any.whl", hash = "sha256:b618b6d2d5ffa2f16add5697cf57a46c76a56229b0ed1c438322e4e95645bd15"},
    {file = "importlib_metadata-4.8.1.tar.gz", hash = "sha256:f284b3e11256ad1e5d03ab86bb2ccd6f5339688ff17a4d797a0fe7df326f23b1"},
]
keras-applications = [
    {file = "Keras_Applications-1.0.8-py3-none-any.whl", hash = "sha256:df4323692b8c1174af821bf906f1e442e63fa7589bf0f1230a0b6bdc5a810c95"},
    {file = "Keras_Applications-1.0.8.tar.gz", hash = "sha256:5579f9a12bcde9748f4a12233925a59b93b73ae6947409ff34aa2ba258189fe5"},
]
keras-preprocessing = [
    {file = "Keras_Preprocessing-1.1.2-py2.py3-none-any.whl", hash = "sha256:7b82029b130ff61cc99b55f3bd27427df4838576838c5b2f65940e4fcec99a7b"},
    {file = "Keras_Preprocessing-1.1.2.tar.gz", hash = "sha256:add82567c50c8bc648c14195bf544a5ce7c1f76761536956c3d2978970179ef3"},
]
markdown = [
    {file = "Markdown-3.3.4-py3-none-any.whl", hash = "sha256:96c3ba1261de2f7547b46a00ea8463832c921d3f9d6aba3f255a6f71386db20c"},
    {file = "Markdown-3.3.4.tar.gz", hash = "sha256:31b5b491868dcc87d6c24b7e3d19a0d730d59d3e46f4eea6430a321bed387a49"},
]
multiprocess = [
    {file = "multiprocess-0.70.12.2-cp27-cp27m-macosx_10_12_x86_64.whl", hash = "sha256:35d41e410ca2a32977a483ae1f40f86b193b45cecf85567c2fae402fb8bf172e"},
    {file = "multiprocess-0.70.12.2-cp27-cp27m-manylinux1_i686.whl", hash = "sha256:9a02237eae21975155c816883479f72e239d16823a6bc063173d59acec9bcf41"},
    {file = "multiprocess-0.70.12.2-cp27-cp27m-manylinux1_x86_64.whl", hash = "sha256:f12a939cd2f01d0a900e7ef2aaee3c351a49fd2297d7f760b537af22727561b8"},
    {file = "multiprocess-0.70.12.2-cp27-cp27m-win32.whl", hash = "sha256:be3ad3eaf204abc646d85e70e41244f66d88200628a0ab867c8fc206b97cedbf"},
    {file = "multiprocess-0.70.12.2-cp27-cp27m-win_amd64.whl", hash = "sha256:c85ffc38c50c5a4f32f3f3c1a284725b7b5040188f254eba6e572c53d3da525b"},
    {file = "multiprocess-0.70.12.2-pp27-none-any.whl", hash = "sha256:a9f58945edb234591684c0a181b744a3231643814ef3a8f47cea9a2073b4b2bb"},
    {file = "multiprocess-0.70.12.2-pp36-none-any.whl", hash = "sha256:0e0a5ae4bd84e4c22baddf824d3b8168214f8c1cce51e2cb080421cb1f7b04d1"},
    {file = "multiprocess-0.70.12.2-pp37-none-any.whl", hash = "sha256:916a314a1e0f3454033d59672ba6181fa45948ab1091d68cdd479258576e7b27"},
    {file = "multiprocess-0.70.12.2-py36-none-any.whl", hash = "sha256:b3f866f7d9c7acc1a9cb1b6063a29f5cb140ff545b35b71fd4bfdac6f19d75fa"},
    {file = "multiprocess-0.70.12.2-py37-none-any.whl", hash = "sha256:6aa67e805e50b6e9dfc56dd0f0c85ac3409e6791d4ec5405c5f9bc0a47d745a4"},
    {file = "multiprocess-0.70.12.2-py38-none-any.whl", hash = "sha256:85941e650c277af44fc82e3e97faacb920e5ce3615238b540cbad4012d6f60e9"},
    {file = "multiprocess-0.70.12.2-py39-none-any.whl", hash = "sha256:6f812a1d3f198b7cacd63983f60e2dc1338bd4450893f90c435067b5a3127e6f"},
    {file = "multiprocess-0.70.12.2.zip", hash = "sha256:206bb9b97b73f87fec1ed15a19f8762950256aa84225450abc7150d02855a083"},
]
numpy = [
    {file = "numpy-1.19.5-cp36-cp36m-macosx_10_9_x86_64.whl", hash = "sha256:cc6bd4fd593cb261332568485e20a0712883cf631f6f5e8e86a52caa8b2b50ff"},
    {file = "numpy-1.19.5-cp36-cp36m-manylinux1_i686.whl", hash = "sha256:aeb9ed923be74e659984e321f609b9ba54a48354bfd168d21a2b072ed1e833ea"},
    {file = "numpy-1.19.5-cp36-cp36m-manylinux1_x86_64.whl", hash = "sha256:8b5e972b43c8fc27d56550b4120fe6257fdc15f9301914380b27f74856299fea"},
    {file = "numpy-1.19.5-cp36-cp36m-manylinux2010_i686.whl", hash = "sha256:43d4c81d5ffdff6bae58d66a3cd7f54a7acd9a0e7b18d97abb255defc09e3140"},
    {file = "numpy-1.19.5-cp36-cp36m-manylinux2010_x86_64.whl", hash = "sha256:a4646724fba402aa7504cd48b4b50e783296b5e10a524c7a6da62e4a8ac9698d"},
    {file = "numpy-1.19.5-cp36-cp36m-manylinux2014_aarch64.whl", hash = "sha256:2e55195bc1c6b705bfd8ad6f288b38b11b1af32f3c8289d6c50d47f950c12e76"},
    {file = "numpy-1.19.5-cp36-cp36m-win32.whl", hash = "sha256:39b70c19ec771805081578cc936bbe95336798b7edf4732ed102e7a43ec5c07a"},
    {file = "numpy-1.19.5-cp36-cp36m-win_amd64.whl", hash = "sha256:dbd18bcf4889b720ba13a27ec2f2aac1981bd41203b3a3b27ba7a33f88ae4827"},
    {file = "numpy-1.19.5-cp37-cp37m-macosx_10_9_x86_64.whl", hash = "sha256:603aa0706be710eea8884af807b1b3bc9fb2e49b9f4da439e76000f3b3c6ff0f"},
    {file = "numpy-1.19.5-cp37-cp37m-manylinux1_i686.whl", hash = "sha256:cae865b1cae1ec2663d8ea56ef6ff185bad091a5e33ebbadd98de2cfa3fa668f"},
    {file = "numpy-1.19.5-cp37-cp37m-manylinux1_x86_64.whl", hash = "sha256:36674959eed6957e61f11c912f71e78857a8d0604171dfd9ce9ad5cbf41c511c"},
    {file = "numpy-1.19.5-cp37-cp37m-manylinux2010_i686.whl", hash = "sha256:06fab248a088e439402141ea04f0fffb203723148f6ee791e9c75b3e9e82f080"},
    {file = "numpy-1.19.5-cp37-cp37m-manylinux2010_x86_64.whl", hash = "sha256:6149a185cece5ee78d1d196938b2a8f9d09f5a5ebfbba66969302a778d5ddd1d"},
    {file = "numpy-1.19.5-cp37-cp37m-manylinux2014_aarch64.whl", hash = "sha256:50a4a0ad0111cc1b71fa32dedd05fa239f7fb5a43a40663269bb5dc7877cfd28"},
    {file = "numpy-1.19.5-cp37-cp37m-win32.whl", hash = "sha256:d051ec1c64b85ecc69531e1137bb9751c6830772ee5c1c426dbcfe98ef5788d7"},
    {file = "numpy-1.19.5-cp37-cp37m-win_amd64.whl", hash = "sha256:a12ff4c8ddfee61f90a1633a4c4afd3f7bcb32b11c52026c92a12e1325922d0d"},
    {file = "numpy-1.19.5-cp38-cp38-macosx_10_9_x86_64.whl", hash = "sha256:cf2402002d3d9f91c8b01e66fbb436a4ed01c6498fffed0e4c7566da1d40ee1e"},
    {file = "numpy-1.19.5-cp38-cp38-manylinux1_i686.whl", hash = "sha256:1ded4fce9cfaaf24e7a0ab51b7a87be9038ea1ace7f34b841fe3b6894c721d1c"},
    {file = "numpy-1.19.5-cp38-cp38-manylinux1_x86_64.whl", hash = "sha256:012426a41bc9ab63bb158635aecccc7610e3eff5d31d1eb43bc099debc979d94"},
    {file = "numpy-1.19.5-cp38-cp38-manylinux2010_i686.whl", hash = "sha256:759e4095edc3c1b3ac031f34d9459fa781777a93ccc633a472a5468587a190ff"},
    {file = "numpy-1.19.5-cp38-cp38-manylinux2010_x86_64.whl", hash = "sha256:a9d17f2be3b427fbb2bce61e596cf555d6f8a56c222bd2ca148baeeb5e5c783c"},
    {file = "numpy-1.19.5-cp38-cp38-manylinux2014_aarch64.whl", hash = "sha256:99abf4f353c3d1a0c7a5f27699482c987cf663b1eac20db59b8c7b061eabd7fc"},
    {file = "numpy-1.19.5-cp38-cp38-win32.whl", hash = "sha256:384ec0463d1c2671170901994aeb6dce126de0a95ccc3976c43b0038a37329c2"},
    {file = "numpy-1.19.5-cp38-cp38-win_amd64.whl", hash = "sha256:811daee36a58dc79cf3d8bdd4a490e4277d0e4b7d103a001a4e73ddb48e7e6aa"},
    {file = "numpy-1.19.5-cp39-cp39-macosx_10_9_x86_64.whl", hash = "sha256:c843b3f50d1ab7361ca4f0b3639bf691569493a56808a0b0c54a051d260b7dbd"},
    {file = "numpy-1.19.5-cp39-cp39-manylinux1_i686.whl", hash = "sha256:d6631f2e867676b13026e2846180e2c13c1e11289d67da08d71cacb2cd93d4aa"},
    {file = "numpy-1.19.5-cp39-cp39-manylinux1_x86_64.whl", hash = "sha256:7fb43004bce0ca31d8f13a6eb5e943fa73371381e53f7074ed21a4cb786c32f8"},
    {file = "numpy-1.19.5-cp39-cp39-manylinux2010_i686.whl", hash = "sha256:2ea52bd92ab9f768cc64a4c3ef8f4b2580a17af0a5436f6126b08efbd1838371"},
    {file = "numpy-1.19.5-cp39-cp39-manylinux2010_x86_64.whl", hash = "sha256:400580cbd3cff6ffa6293df2278c75aef2d58d8d93d3c5614cd67981dae68ceb"},
    {file = "numpy-1.19.5-cp39-cp39-manylinux2014_aarch64.whl", hash = "sha256:df609c82f18c5b9f6cb97271f03315ff0dbe481a2a02e56aeb1b1a985ce38e60"},
    {file = "numpy-1.19.5-cp39-cp39-win32.whl", hash = "sha256:ab83f24d5c52d60dbc8cd0528759532736b56db58adaa7b5f1f76ad551416a1e"},
    {file = "numpy-1.19.5-cp39-cp39-win_amd64.whl", hash = "sha256:0eef32ca3132a48e43f6a0f5a82cb508f22ce5a3d6f67a8329c81c8e226d3f6e"},
    {file = "numpy-1.19.5-pp36-pypy36_pp73-manylinux2010_x86_64.whl", hash = "sha256:a0d53e51a6cb6f0d9082decb7a4cb6dfb33055308c4c44f53103c073f649af73"},
    {file = "numpy-1.19.5.zip", hash = "sha256:a76f502430dd98d7546e1ea2250a7360c065a5fdea52b2dffe8ae7180909b6f4"},
]
opt-einsum = [
    {file = "opt_einsum-3.3.0-py3-none-any.whl", hash = "sha256:2455e59e3947d3c275477df7f5205b30635e266fe6dc300e3d9f9646bfcea147"},
    {file = "opt_einsum-3.3.0.tar.gz", hash = "sha256:59f6475f77bbc37dcf7cd748519c0ec60722e91e63ca114e68821c0c54a46549"},
]
protobuf = [
    {file = "protobuf-3.17.3-cp27-cp27m-macosx_10_9_x86_64.whl", hash = "sha256:ab6bb0e270c6c58e7ff4345b3a803cc59dbee19ddf77a4719c5b635f1d547aa8"},
    {file = "protobuf-3.17.3-cp27-cp27mu-manylinux_2_5_x86_64.manylinux1_x86_64.whl", hash = "sha256:13ee7be3c2d9a5d2b42a1030976f760f28755fcf5863c55b1460fd205e6cd637"},
    {file = "protobuf-3.17.3-cp35-cp35m-macosx_10_9_intel.whl", hash = "sha256:1556a1049ccec58c7855a78d27e5c6e70e95103b32de9142bae0576e9200a1b0"},
    {file = "protobuf-3.17.3-cp35-cp35m-manylinux_2_5_x86_64.manylinux1_x86_64.whl", hash = "sha256:f0e59430ee953184a703a324b8ec52f571c6c4259d496a19d1cabcdc19dabc62"},
    {file = "protobuf-3.17.3-cp35-cp35m-win32.whl", hash = "sha256:a981222367fb4210a10a929ad5983ae93bd5a050a0824fc35d6371c07b78caf6"},
    {file = "protobuf-3.17.3-cp35-cp35m-win_amd64.whl", hash = "sha256:6d847c59963c03fd7a0cd7c488cadfa10cda4fff34d8bc8cba92935a91b7a037"},
    {file = "protobuf-3.17.3-cp36-cp36m-macosx_10_9_x86_64.whl", hash = "sha256:145ce0af55c4259ca74993ddab3479c78af064002ec8227beb3d944405123c71"},
    {file = "protobuf-3.17.3-cp36-cp36m-manylinux_2_5_x86_64.manylinux1_x86_64.whl", hash = "sha256:6ce4d8bf0321e7b2d4395e253f8002a1a5ffbcfd7bcc0a6ba46712c07d47d0b4"},
    {file = "protobuf-3.17.3-cp36-cp36m-win32.whl", hash = "sha256:7a4c97961e9e5b03a56f9a6c82742ed55375c4a25f2692b625d4087d02ed31b9"},
    {file = "protobuf-3.17.3-cp36-cp36m-win_amd64.whl", hash = "sha256:a22b3a0dbac6544dacbafd4c5f6a29e389a50e3b193e2c70dae6bbf7930f651d"},
    {file = "protobuf-3.17.3-cp37-cp37m-macosx_10_9_x86_64.whl", hash = "sha256:ffea251f5cd3c0b9b43c7a7a912777e0bc86263436a87c2555242a348817221b"},
    {file = "protobuf-3.17.3-cp37-cp37m-manylinux2014_aarch64.whl", hash = "sha256:9b7a5c1022e0fa0dbde7fd03682d07d14624ad870ae52054849d8960f04bc764"},
    {file = "protobuf-3.17.3-cp37-cp37m-manylinux_2_5_x86_64.manylinux1_x86_64.whl", hash = "sha256:8727ee027157516e2c311f218ebf2260a18088ffb2d29473e82add217d196b1c"},
    {file = "protobuf-3.17.3-cp37-cp37m-win32.whl", hash = "sha256:14c1c9377a7ffbeaccd4722ab0aa900091f52b516ad89c4b0c3bb0a4af903ba5"},
    {file = "protobuf-3.17.3-cp37-cp37m-win_amd64.whl", hash = "sha256:c56c050a947186ba51de4f94ab441d7f04fcd44c56df6e922369cc2e1a92d683"},
    {file = "protobuf-3.17.3-cp38-cp38-macosx_10_9_x86_64.whl", hash = "sha256:2ae692bb6d1992afb6b74348e7bb648a75bb0d3565a3f5eea5bec8f62bd06d87"},
    {file = "protobuf-3.17.3-cp38-cp38-manylinux2014_aarch64.whl", hash = "sha256:99938f2a2d7ca6563c0ade0c5ca8982264c484fdecf418bd68e880a7ab5730b1"},
    {file = "protobuf-3.17.3-cp38-cp38-manylinux_2_5_x86_64.manylinux1_x86_64.whl", hash = "sha256:6902a1e4b7a319ec611a7345ff81b6b004b36b0d2196ce7a748b3493da3d226d"},
    {file = "protobuf-3.17.3-cp38-cp38-win32.whl", hash = "sha256:59e5cf6b737c3a376932fbfb869043415f7c16a0cf176ab30a5bbc419cd709c1"},
    {file = "protobuf-3.17.3-cp38-cp38-win_amd64.whl", hash = "sha256:ebcb546f10069b56dc2e3da35e003a02076aaa377caf8530fe9789570984a8d2"},
    {file = "protobuf-3.17.3-cp39-cp39-macosx_10_9_x86_64.whl", hash = "sha256:4ffbd23640bb7403574f7aff8368e2aeb2ec9a5c6306580be48ac59a6bac8bde"},
    {file = "protobuf-3.17.3-cp39-cp39-manylinux2014_aarch64.whl", hash = "sha256:26010f693b675ff5a1d0e1bdb17689b8b716a18709113288fead438703d45539"},
    {file = "protobuf-3.17.3-cp39-cp39-manylinux_2_5_x86_64.manylinux1_x86_64.whl", hash = "sha256:e76d9686e088fece2450dbc7ee905f9be904e427341d289acbe9ad00b78ebd47"},
    {file = "protobuf-3.17.3-cp39-cp39-win32.whl", hash = "sha256:a38bac25f51c93e4be4092c88b2568b9f407c27217d3dd23c7a57fa522a17554"},
    {file = "protobuf-3.17.3-cp39-cp39-win_amd64.whl", hash = "sha256:85d6303e4adade2827e43c2b54114d9a6ea547b671cb63fafd5011dc47d0e13d"},
    {file = "protobuf-3.17.3-py2.py3-none-any.whl", hash = "sha256:2bfb815216a9cd9faec52b16fd2bfa68437a44b67c56bee59bc3926522ecb04e"},
    {file = "protobuf-3.17.3.tar.gz", hash = "sha256:72804ea5eaa9c22a090d2803813e280fb273b62d5ae497aaf3553d141c4fdd7b"},
]
regex = [
    {file = "regex-2021.8.28-cp310-cp310-macosx_10_9_x86_64.whl", hash = "sha256:9d05ad5367c90814099000442b2125535e9d77581855b9bee8780f1b41f2b1a2"},
    {file = "regex-2021.8.28-cp310-cp310-manylinux_2_17_aarch64.manylinux2014_aarch64.whl", hash = "sha256:f3bf1bc02bc421047bfec3343729c4bbbea42605bcfd6d6bfe2c07ade8b12d2a"},
    {file = "regex-2021.8.28-cp310-cp310-manylinux_2_17_x86_64.manylinux2014_x86_64.whl", hash = "sha256:5f6a808044faae658f546dd5f525e921de9fa409de7a5570865467f03a626fc0"},
    {file = "regex-2021.8.28-cp310-cp310-manylinux_2_5_i686.manylinux1_i686.manylinux_2_12_i686.manylinux2010_i686.whl", hash = "sha256:a617593aeacc7a691cc4af4a4410031654f2909053bd8c8e7db837f179a630eb"},
    {file = "regex-2021.8.28-cp310-cp310-manylinux_2_5_i686.manylinux1_i686.manylinux_2_17_i686.manylinux2014_i686.whl", hash = "sha256:79aef6b5cd41feff359acaf98e040844613ff5298d0d19c455b3d9ae0bc8c35a"},
    {file = "regex-2021.8.28-cp310-cp310-manylinux_2_5_x86_64.manylinux1_x86_64.manylinux_2_12_x86_64.manylinux2010_x86_64.whl", hash = "sha256:0fc1f8f06977c2d4f5e3d3f0d4a08089be783973fc6b6e278bde01f0544ff308"},
    {file = "regex-2021.8.28-cp310-cp310-win32.whl", hash = "sha256:6eebf512aa90751d5ef6a7c2ac9d60113f32e86e5687326a50d7686e309f66ed"},
    {file = "regex-2021.8.28-cp310-cp310-win_amd64.whl", hash = "sha256:ac88856a8cbccfc14f1b2d0b829af354cc1743cb375e7f04251ae73b2af6adf8"},
    {file = "regex-2021.8.28-cp36-cp36m-macosx_10_9_x86_64.whl", hash = "sha256:c206587c83e795d417ed3adc8453a791f6d36b67c81416676cad053b4104152c"},
    {file = "regex-2021.8.28-cp36-cp36m-manylinux_2_17_aarch64.manylinux2014_aarch64.whl", hash = "sha256:e8690ed94481f219a7a967c118abaf71ccc440f69acd583cab721b90eeedb77c"},
    {file = "regex-2021.8.28-cp36-cp36m-manylinux_2_17_x86_64.manylinux2014_x86_64.whl", hash = "sha256:328a1fad67445550b982caa2a2a850da5989fd6595e858f02d04636e7f8b0b13"},
    {file = "regex-2021.8.28-cp36-cp36m-manylinux_2_5_i686.manylinux1_i686.manylinux_2_12_i686.manylinux2010_i686.whl", hash = "sha256:c7cb4c512d2d3b0870e00fbbac2f291d4b4bf2634d59a31176a87afe2777c6f0"},
    {file = "regex-2021.8.28-cp36-cp36m-manylinux_2_5_i686.manylinux1_i686.manylinux_2_17_i686.manylinux2014_i686.whl", hash = "sha256:66256b6391c057305e5ae9209941ef63c33a476b73772ca967d4a2df70520ec1"},
    {file = "regex-2021.8.28-cp36-cp36m-manylinux_2_5_x86_64.manylinux1_x86_64.manylinux_2_12_x86_64.manylinux2010_x86_64.whl", hash = "sha256:8e44769068d33e0ea6ccdf4b84d80c5afffe5207aa4d1881a629cf0ef3ec398f"},
    {file = "regex-2021.8.28-cp36-cp36m-win32.whl", hash = "sha256:08d74bfaa4c7731b8dac0a992c63673a2782758f7cfad34cf9c1b9184f911354"},
    {file = "regex-2021.8.28-cp36-cp36m-win_amd64.whl", hash = "sha256:abb48494d88e8a82601af905143e0de838c776c1241d92021e9256d5515b3645"},
    {file = "regex-2021.8.28-cp37-cp37m-macosx_10_9_x86_64.whl", hash = "sha256:b4c220a1fe0d2c622493b0a1fd48f8f991998fb447d3cd368033a4b86cf1127a"},
    {file = "regex-2021.8.28-cp37-cp37m-manylinux_2_17_aarch64.manylinux2014_aarch64.whl", hash = "sha256:d4a332404baa6665b54e5d283b4262f41f2103c255897084ec8f5487ce7b9e8e"},
    {file = "regex-2021.8.28-cp37-cp37m-manylinux_2_17_x86_64.manylinux2014_x86_64.whl", hash = "sha256:c61dcc1cf9fd165127a2853e2c31eb4fb961a4f26b394ac9fe5669c7a6592892"},
    {file = "regex-2021.8.28-cp37-cp37m-manylinux_2_5_i686.manylinux1_i686.manylinux_2_12_i686.manylinux2010_i686.whl", hash = "sha256:ee329d0387b5b41a5dddbb6243a21cb7896587a651bebb957e2d2bb8b63c0791"},
    {file = "regex-2021.8.28-cp37-cp37m-manylinux_2_5_i686.manylinux1_i686.manylinux_2_17_i686.manylinux2014_i686.whl", hash = "sha256:f60667673ff9c249709160529ab39667d1ae9fd38634e006bec95611f632e759"},
    {file = "regex-2021.8.28-cp37-cp37m-manylinux_2_5_x86_64.manylinux1_x86_64.manylinux_2_12_x86_64.manylinux2010_x86_64.whl", hash = "sha256:b844fb09bd9936ed158ff9df0ab601e2045b316b17aa8b931857365ea8586906"},
    {file = "regex-2021.8.28-cp37-cp37m-win32.whl", hash = "sha256:4cde065ab33bcaab774d84096fae266d9301d1a2f5519d7bd58fc55274afbf7a"},
    {file = "regex-2021.8.28-cp37-cp37m-win_amd64.whl", hash = "sha256:1413b5022ed6ac0d504ba425ef02549a57d0f4276de58e3ab7e82437892704fc"},
    {file = "regex-2021.8.28-cp38-cp38-macosx_10_9_x86_64.whl", hash = "sha256:ed4b50355b066796dacdd1cf538f2ce57275d001838f9b132fab80b75e8c84dd"},
    {file = "regex-2021.8.28-cp38-cp38-manylinux_2_17_aarch64.manylinux2014_aarch64.whl", hash = "sha256:28fc475f560d8f67cc8767b94db4c9440210f6958495aeae70fac8faec631797"},
    {file = "regex-2021.8.28-cp38-cp38-manylinux_2_17_x86_64.manylinux2014_x86_64.whl", hash = "sha256:bdc178caebd0f338d57ae445ef8e9b737ddf8fbc3ea187603f65aec5b041248f"},
    {file = "regex-2021.8.28-cp38-cp38-manylinux_2_5_i686.manylinux1_i686.manylinux_2_12_i686.manylinux2010_i686.whl", hash = "sha256:999ad08220467b6ad4bd3dd34e65329dd5d0df9b31e47106105e407954965256"},
    {file = "regex-2021.8.28-cp38-cp38-manylinux_2_5_i686.manylinux1_i686.manylinux_2_17_i686.manylinux2014_i686.whl", hash = "sha256:808ee5834e06f57978da3e003ad9d6292de69d2bf6263662a1a8ae30788e080b"},
    {file = "regex-2021.8.28-cp38-cp38-manylinux_2_5_x86_64.manylinux1_x86_64.manylinux_2_12_x86_64.manylinux2010_x86_64.whl", hash = "sha256:d5111d4c843d80202e62b4fdbb4920db1dcee4f9366d6b03294f45ed7b18b42e"},
    {file = "regex-2021.8.28-cp38-cp38-win32.whl", hash = "sha256:473858730ef6d6ff7f7d5f19452184cd0caa062a20047f6d6f3e135a4648865d"},
    {file = "regex-2021.8.28-cp38-cp38-win_amd64.whl", hash = "sha256:31a99a4796bf5aefc8351e98507b09e1b09115574f7c9dbb9cf2111f7220d2e2"},
    {file = "regex-2021.8.28-cp39-cp39-macosx_10_9_x86_64.whl", hash = "sha256:04f6b9749e335bb0d2f68c707f23bb1773c3fb6ecd10edf0f04df12a8920d468"},
    {file = "regex-2021.8.28-cp39-cp39-manylinux_2_17_aarch64.manylinux2014_aarch64.whl", hash = "sha256:9b006628fe43aa69259ec04ca258d88ed19b64791693df59c422b607b6ece8bb"},
    {file = "regex-2021.8.28-cp39-cp39-manylinux_2_17_x86_64.manylinux2014_x86_64.whl", hash = "sha256:121f4b3185feaade3f85f70294aef3f777199e9b5c0c0245c774ae884b110a2d"},
    {file = "regex-2021.8.28-cp39-cp39-manylinux_2_5_i686.manylinux1_i686.manylinux_2_12_i686.manylinux2010_i686.whl", hash = "sha256:a577a21de2ef8059b58f79ff76a4da81c45a75fe0bfb09bc8b7bb4293fa18983"},
    {file = "regex-2021.8.28-cp39-cp39-manylinux_2_5_i686.manylinux1_i686.manylinux_2_17_i686.manylinux2014_i686.whl", hash = "sha256:1743345e30917e8c574f273f51679c294effba6ad372db1967852f12c76759d8"},
    {file = "regex-2021.8.28-cp39-cp39-manylinux_2_5_x86_64.manylinux1_x86_64.manylinux_2_12_x86_64.manylinux2010_x86_64.whl", hash = "sha256:e1e8406b895aba6caa63d9fd1b6b1700d7e4825f78ccb1e5260551d168db38ed"},
    {file = "regex-2021.8.28-cp39-cp39-win32.whl", hash = "sha256:ed283ab3a01d8b53de3a05bfdf4473ae24e43caee7dcb5584e86f3f3e5ab4374"},
    {file = "regex-2021.8.28-cp39-cp39-win_amd64.whl", hash = "sha256:610b690b406653c84b7cb6091facb3033500ee81089867ee7d59e675f9ca2b73"},
    {file = "regex-2021.8.28.tar.gz", hash = "sha256:f585cbbeecb35f35609edccb95efd95a3e35824cd7752b586503f7e6087303f1"},
]
requests = [
    {file = "requests-2.26.0-py2.py3-none-any.whl", hash = "sha256:6c1246513ecd5ecd4528a0906f910e8f0f9c6b8ec72030dc9fd154dc1a6efd24"},
    {file = "requests-2.26.0.tar.gz", hash = "sha256:b8aa58f8cf793ffd8782d3d8cb19e66ef36f7aba4353eec859e74678b01b07a7"},
]
six = [
    {file = "six-1.16.0-py2.py3-none-any.whl", hash = "sha256:8abb2f1d86890a2dfb989f9a77cfcfd3e47c2a354b01111771326f8aa26e0254"},
    {file = "six-1.16.0.tar.gz", hash = "sha256:1e61c37477a1626458e36f7b1d82aa5c9b094fa4802892072e49de9c60c4c926"},
]
tensorboard = [
    {file = "tensorboard-1.15.0-py2-none-any.whl", hash = "sha256:612b789386aa1b2c4804e1961273b37f8e4dd97613f98bc90ff0402d24627f50"},
    {file = "tensorboard-1.15.0-py3-none-any.whl", hash = "sha256:4cad2c65f6011e51609b463014c014fd7c6ddd9c1263af1d4f18dd97ed88c2bc"},
]
tensorflow = [
    {file = "tensorflow-1.15.2-cp35-cp35m-macosx_10_11_x86_64.whl", hash = "sha256:6b4c94168eb32a111b8510b2d4b1c5b6760bcabd6d56633025e5b99753d62bdf"},
    {file = "tensorflow-1.15.2-cp35-cp35m-manylinux2010_x86_64.whl", hash = "sha256:613072266dd60986b79e517f9e4a5f5d7c8495faeb439808db9a493ec3bebf96"},
    {file = "tensorflow-1.15.2-cp35-cp35m-win_amd64.whl", hash = "sha256:41932b9c080058ff204a1f8e3894c286c69255691c320330770dd8f6ee2cb3e2"},
    {file = "tensorflow-1.15.2-cp36-cp36m-macosx_10_11_x86_64.whl", hash = "sha256:a82c2c498ebab190ec2a06aec8455d6f7c191dff5fdd5b5528b416f42b0291b9"},
    {file = "tensorflow-1.15.2-cp36-cp36m-manylinux2010_x86_64.whl", hash = "sha256:34551b8cc446342dac8fdcf79e775e0841aeea38e927b73e2ecf4b2d01277264"},
    {file = "tensorflow-1.15.2-cp36-cp36m-win_amd64.whl", hash = "sha256:b6c57269009a641a74b3456ef7483e69143ed9762af321b0560db5a72cdcb01f"},
    {file = "tensorflow-1.15.2-cp37-cp37m-macosx_10_11_x86_64.whl", hash = "sha256:618a7cb1499b0c0d6398f342e9b8ac08497c3105c68942f344dc9bf67ae1f22d"},
    {file = "tensorflow-1.15.2-cp37-cp37m-manylinux2010_x86_64.whl", hash = "sha256:05862fadc752da737e33f0110eafb7511149db043d4836edd68d3608b6c2f521"},
    {file = "tensorflow-1.15.2-cp37-cp37m-win_amd64.whl", hash = "sha256:ef20ebaf39383271cdd4599e7593d01ebf73be61a59f015e404a36e8d06f7b7e"},
]
tensorflow-estimator = [
    {file = "tensorflow_estimator-1.15.1-py2.py3-none-any.whl", hash = "sha256:8853bfb7c3c96fbdc80b3d66c37a10af6ccbcd235dc87474764270c02a0f86b9"},
]
termcolor = [
    {file = "termcolor-1.1.0.tar.gz", hash = "sha256:1d6d69ce66211143803fbc56652b41d73b4a400a2891d7bf7a1cdf4c02de613b"},
]
toposort = [
    {file = "toposort-1.6-py2.py3-none-any.whl", hash = "sha256:2ade83028dd067a1d43c142469cbaf4136b92fdc1c4303f16c40f126442fdaf3"},
    {file = "toposort-1.6.tar.gz", hash = "sha256:a7428f56ef844f5055bb9e9e44b343983773ae6dce0fe5b101e08e27ffbd50ac"},
]
tqdm = [
    {file = "tqdm-4.62.2-py2.py3-none-any.whl", hash = "sha256:80aead664e6c1672c4ae20dc50e1cdc5e20eeff9b14aa23ecd426375b28be588"},
    {file = "tqdm-4.62.2.tar.gz", hash = "sha256:a4d6d112e507ef98513ac119ead1159d286deab17dffedd96921412c2d236ff5"},
]
typing-extensions = [
    {file = "typing_extensions-3.10.0.2-py2-none-any.whl", hash = "sha256:d8226d10bc02a29bcc81df19a26e56a9647f8b0a6d4a83924139f4a8b01f17b7"},
    {file = "typing_extensions-3.10.0.2-py3-none-any.whl", hash = "sha256:f1d25edafde516b146ecd0613dabcc61409817af4766fbbcfb8d1ad4ec441a34"},
    {file = "typing_extensions-3.10.0.2.tar.gz", hash = "sha256:49f75d16ff11f1cd258e1b988ccff82a3ca5570217d7ad8c5f48205dd99a677e"},
]
urllib3 = [
    {file = "urllib3-1.26.6-py2.py3-none-any.whl", hash = "sha256:39fb8672126159acb139a7718dd10806104dec1e2f0f6c88aab05d17df10c8d4"},
    {file = "urllib3-1.26.6.tar.gz", hash = "sha256:f57b4c16c62fa2760b7e3d97c35b255512fb6b59a259730f36ba32ce9f8e342f"},
]
werkzeug = [
    {file = "Werkzeug-2.0.1-py3-none-any.whl", hash = "sha256:6c1ec500dcdba0baa27600f6a22f6333d8b662d22027ff9f6202e3367413caa8"},
    {file = "Werkzeug-2.0.1.tar.gz", hash = "sha256:1de1db30d010ff1af14a009224ec49ab2329ad2cde454c8a708130642d579c42"},
]
wrapt = [
    {file = "wrapt-1.12.1.tar.gz", hash = "sha256:b62ffa81fb85f4332a4f609cab4ac40709470da05643a082ec1eb88e6d9b97d7"},
]
yapf = [
    {file = "yapf-0.31.0-py2.py3-none-any.whl", hash = "sha256:e3a234ba8455fe201eaa649cdac872d590089a18b661e39bbac7020978dd9c2e"},
    {file = "yapf-0.31.0.tar.gz", hash = "sha256:408fb9a2b254c302f49db83c59f9aa0b4b0fd0ec25be3a5c51181327922ff63d"},
]
zipp = [
    {file = "zipp-3.5.0-py3-none-any.whl", hash = "sha256:957cfda87797e389580cb8b9e3870841ca991e2125350677b2ca83a0e99390a3"},
    {file = "zipp-3.5.0.tar.gz", hash = "sha256:f5812b1e007e48cff63449a5e9f4e7ebea716b4111f9c4f9a645f91d579bf0c4"},
]
